
Microsoft Visual Studio Solution File, Format Version 12.00
# Visual Studio Version 16
VisualStudioVersion = 16.0.30503.244
MinimumVisualStudioVersion = 10.0.40219.1
Project("{FAE04EC0-301F-11D3-BF4B-00C04F79EFBC}") = "kata-coffee-machine", "kata-coffee-machine\kata-coffee-machine.csproj", "{FEBB8D01-9DD4-4B3B-B075-D5A551A9D42F}"
EndProject
Global
	GlobalSection(SolutionConfigurationPlatforms) = preSolution
		Debug|Any CPU = Debug|Any CPU
		Release|Any CPU = Release|Any CPU
	EndGlobalSection
	GlobalSection(ProjectConfigurationPlatforms) = postSolution
		{FEBB8D01-9DD4-4B3B-B075-D5A551A9D42F}.Debug|Any CPU.ActiveCfg = Debug|Any CPU
		{FEBB8D01-9DD4-4B3B-B075-D5A551A9D42F}.Debug|Any CPU.Build.0 = Debug|Any CPU
		{FEBB8D01-9DD4-4B3B-B075-D5A551A9D42F}.Release|Any CPU.ActiveCfg = Release|Any CPU
		{FEBB8D01-9DD4-4B3B-B075-D5A551A9D42F}.Release|Any CPU.Build.0 = Release|Any CPU
	EndGlobalSection
	GlobalSection(SolutionProperties) = preSolution
		HideSolutionNode = FALSE
	EndGlobalSection
	GlobalSection(ExtensibilityGlobals) = postSolution
		SolutionGuid = {F6468913-EDC5-4A17-8FA9-B2F94F2AAC6E}
	EndGlobalSection
EndGlobal
